
Microsoft Visual Studio Solution File, Format Version 12.00
# Visual Studio Version 17
VisualStudioVersion = 17.5.33516.290
MinimumVisualStudioVersion = 10.0.40219.1
Project("{FAE04EC0-301F-11D3-BF4B-00C04F79EFBC}") = "BlazorMaster.Server", "BlazorMaster\Server\BlazorMaster.Server.csproj", "{B6323459-4166-4E79-B6CA-C2FC8AE9902B}"
EndProject
Project("{FAE04EC0-301F-11D3-BF4B-00C04F79EFBC}") = "BlazorMaster.Client", "BlazorMaster\Client\BlazorMaster.Client.csproj", "{50589F93-5DD0-40F9-A7D8-2AC7D670577C}"
EndProject
Project("{FAE04EC0-301F-11D3-BF4B-00C04F79EFBC}") = "BlazorMaster.Shared", "BlazorMaster\Shared\BlazorMaster.Shared.csproj", "{3BAF9968-08AA-4400-B572-4350AD47375A}"
EndProject
Global
	GlobalSection(SolutionConfigurationPlatforms) = preSolution
		Debug|Any CPU = Debug|Any CPU
		Release|Any CPU = Release|Any CPU
	EndGlobalSection
	GlobalSection(ProjectConfigurationPlatforms) = postSolution
		{B6323459-4166-4E79-B6CA-C2FC8AE9902B}.Debug|Any CPU.ActiveCfg = Debug|Any CPU
		{B6323459-4166-4E79-B6CA-C2FC8AE9902B}.Debug|Any CPU.Build.0 = Debug|Any CPU
		{B6323459-4166-4E79-B6CA-C2FC8AE9902B}.Release|Any CPU.ActiveCfg = Release|Any CPU
		{B6323459-4166-4E79-B6CA-C2FC8AE9902B}.Release|Any CPU.Build.0 = Release|Any CPU
		{50589F93-5DD0-40F9-A7D8-2AC7D670577C}.Debug|Any CPU.ActiveCfg = Debug|Any CPU
		{50589F93-5DD0-40F9-A7D8-2AC7D670577C}.Debug|Any CPU.Build.0 = Debug|Any CPU
		{50589F93-5DD0-40F9-A7D8-2AC7D670577C}.Release|Any CPU.ActiveCfg = Release|Any CPU
		{50589F93-5DD0-40F9-A7D8-2AC7D670577C}.Release|Any CPU.Build.0 = Release|Any CPU
		{3BAF9968-08AA-4400-B572-4350AD47375A}.Debug|Any CPU.ActiveCfg = Debug|Any CPU
		{3BAF9968-08AA-4400-B572-4350AD47375A}.Debug|Any CPU.Build.0 = Debug|Any CPU
		{3BAF9968-08AA-4400-B572-4350AD47375A}.Release|Any CPU.ActiveCfg = Release|Any CPU
		{3BAF9968-08AA-4400-B572-4350AD47375A}.Release|Any CPU.Build.0 = Release|Any CPU
	EndGlobalSection
	GlobalSection(SolutionProperties) = preSolution
		HideSolutionNode = FALSE
	EndGlobalSection
	GlobalSection(ExtensibilityGlobals) = postSolution
		SolutionGuid = {EA1E8DD0-C705-4494-B553-CA825994C831}
	EndGlobalSection
EndGlobal
